
Microsoft Visual Studio Solution File, Format Version 12.00
# Visual Studio Version 17
VisualStudioVersion = 17.4.33205.214
MinimumVisualStudioVersion = 10.0.40219.1
Project("{FAE04EC0-301F-11D3-BF4B-00C04F79EFBC}") = "LinkedList", "LinkedList\LinkedList.csproj", "{19437E17-C9E5-4FB8-AE5B-E9701CE6F23C}"
EndProject
Global
	GlobalSection(SolutionConfigurationPlatforms) = preSolution
		Debug|Any CPU = Debug|Any CPU
		Release|Any CPU = Release|Any CPU
	EndGlobalSection
	GlobalSection(ProjectConfigurationPlatforms) = postSolution
		{19437E17-C9E5-4FB8-AE5B-E9701CE6F23C}.Debug|Any CPU.ActiveCfg = Debug|Any CPU
		{19437E17-C9E5-4FB8-AE5B-E9701CE6F23C}.Debug|Any CPU.Build.0 = Debug|Any CPU
		{19437E17-C9E5-4FB8-AE5B-E9701CE6F23C}.Release|Any CPU.ActiveCfg = Release|Any CPU
		{19437E17-C9E5-4FB8-AE5B-E9701CE6F23C}.Release|Any CPU.Build.0 = Release|Any CPU
	EndGlobalSection
	GlobalSection(SolutionProperties) = preSolution
		HideSolutionNode = FALSE
	EndGlobalSection
	GlobalSection(ExtensibilityGlobals) = postSolution
		SolutionGuid = {074ACF55-2530-4E15-8A99-BAB44850B383}
	EndGlobalSection
EndGlobal
